
Microsoft Visual Studio Solution File, Format Version 12.00
# Visual Studio Version 17
VisualStudioVersion = 17.6.33815.320
MinimumVisualStudioVersion = 10.0.40219.1
Project("{FAE04EC0-301F-11D3-BF4B-00C04F79EFBC}") = "Kiss Radio", "Kiss Radio\Kiss Radio.csproj", "{2F8CE159-784C-4BF2-A9DA-C5329D2BF41B}"
EndProject
Global
	GlobalSection(SolutionConfigurationPlatforms) = preSolution
		Debug|Any CPU = Debug|Any CPU
		Release|Any CPU = Release|Any CPU
	EndGlobalSection
	GlobalSection(ProjectConfigurationPlatforms) = postSolution
		{2F8CE159-784C-4BF2-A9DA-C5329D2BF41B}.Debug|Any CPU.ActiveCfg = Debug|Any CPU
		{2F8CE159-784C-4BF2-A9DA-C5329D2BF41B}.Debug|Any CPU.Build.0 = Debug|Any CPU
		{2F8CE159-784C-4BF2-A9DA-C5329D2BF41B}.Release|Any CPU.ActiveCfg = Release|Any CPU
		{2F8CE159-784C-4BF2-A9DA-C5329D2BF41B}.Release|Any CPU.Build.0 = Release|Any CPU
	EndGlobalSection
	GlobalSection(SolutionProperties) = preSolution
		HideSolutionNode = FALSE
	EndGlobalSection
	GlobalSection(ExtensibilityGlobals) = postSolution
		SolutionGuid = {CC179A2B-0C70-41A7-9E83-62CC1274C3F9}
	EndGlobalSection
EndGlobal
